
Microsoft Visual Studio Solution File, Format Version 12.00
Project("{FAE04EC0-301F-11D3-BF4B-00C04F79EFBC}") = "CIYW.ClientApi", "CIYW.ClientApi\CIYW.ClientApi.csproj", "{FFADDF11-DF51-4F31-97C8-C229982D5F3E}"
EndProject
Project("{2150E333-8FDC-42A3-9474-1A3956D46DE8}") = "CIYW.Infrastructure", "CIYW.Infrastructure", "{06D86C16-803E-4AF0-A0E2-5B7B1A0B53E4}"
EndProject
Project("{FAE04EC0-301F-11D3-BF4B-00C04F79EFBC}") = "CIYW.Domain", "CIYW.Domain\CIYW.Domain.csproj", "{FDF0948B-9A0A-46D2-A286-CD3EE4C183A9}"
EndProject
Project("{2150E333-8FDC-42A3-9474-1A3956D46DE8}") = "CIYW.Core", "CIYW.Core", "{EEDA256C-9626-4235-AB11-42912AFD4C96}"
EndProject
Project("{FAE04EC0-301F-11D3-BF4B-00C04F79EFBC}") = "CIYW.Kernel", "CIYW.Kernel\CIYW.Kernel.csproj", "{4CD1AFFA-96DE-495D-AAD9-A2453DD828CE}"
EndProject
Project("{FAE04EC0-301F-11D3-BF4B-00C04F79EFBC}") = "CIYW.Models", "CIYW.Models\CIYW.Models.csproj", "{BA2F9E43-36CE-436E-9E28-8BB324062067}"
EndProject
Project("{2150E333-8FDC-42A3-9474-1A3956D46DE8}") = "CIYW.Business", "CIYW.Business", "{B8A9899D-DD56-44E0-814D-4A1313521207}"
EndProject
Project("{FAE04EC0-301F-11D3-BF4B-00C04F79EFBC}") = "CIYW.Mediator", "CIYW.Mediator\CIYW.Mediator.csproj", "{864DE9D8-8F45-426C-B167-80811DD1F178}"
EndProject
Project("{FAE04EC0-301F-11D3-BF4B-00C04F79EFBC}") = "CIYW.Interfaces", "CIYW.Interfaces\CIYW.Interfaces.csproj", "{61DB902F-3050-4B58-BDAB-90EF2BDAAB1C}"
EndProject
Project("{FAE04EC0-301F-11D3-BF4B-00C04F79EFBC}") = "CIYW.Repositories", "CIYW.Repositories\CIYW.Repositories.csproj", "{AEC9255D-FB22-49FB-B09D-2F5DB8F27766}"
EndProject
Project("{FAE04EC0-301F-11D3-BF4B-00C04F79EFBC}") = "CIYW.Auth", "CIYW.Auth\CIYW.Auth.csproj", "{25ACD93E-8763-4C72-8B4D-718D7DACD8A6}"
EndProject
Project("{FAE04EC0-301F-11D3-BF4B-00C04F79EFBC}") = "CIYW.Const", "CIYW.Const\CIYW.Const.csproj", "{89050075-8510-4B0B-B229-5B0098C14F92}"
EndProject
Project("{FAE04EC0-301F-11D3-BF4B-00C04F79EFBC}") = "CYIW.Mapper", "CYIW.Mapper\CYIW.Mapper.csproj", "{A2B05125-F780-4239-BD6A-ADFF0957C647}"
EndProject
Project("{2150E333-8FDC-42A3-9474-1A3956D46DE8}") = "CIYW.Tests", "CIYW.Tests", "{4BCCC439-E620-40E6-BD79-778EDE75CB37}"
EndProject
Project("{FAE04EC0-301F-11D3-BF4B-00C04F79EFBC}") = "CIYW.UnitTests", "CIYW.UnitTests\CIYW.UnitTests.csproj", "{CAED4590-1E2F-4A50-862A-65C789EA7706}"
EndProject
Project("{2150E333-8FDC-42A3-9474-1A3956D46DE8}") = "CIYW.ApiHttpClient", "CIYW.ApiHttpClient", "{65876D58-60F7-456B-9385-2B1BEECA9DEA}"
EndProject
Project("{FAE04EC0-301F-11D3-BF4B-00C04F79EFBC}") = "CIYW.ApiHttpClient", "CIYW.ApiHttpClient\CIYW.ApiHttpClient.csproj", "{E0C3C2D1-CC45-4C26-BF41-F08EF4A620A4}"
EndProject
Project("{FAE04EC0-301F-11D3-BF4B-00C04F79EFBC}") = "CIYW.IntegrationTests", "CIYW.IntegrationTests\CIYW.IntegrationTests.csproj", "{A9C3BA62-9114-4EE2-AEE1-65381D32F903}"
EndProject
Project("{FAE04EC0-301F-11D3-BF4B-00C04F79EFBC}") = "CIYW.TestHelper", "CIYW.TestHelper\CIYW.TestHelper.csproj", "{BA079F68-031F-4F39-A97B-6D5C412EE432}"
EndProject
Project("{FAE04EC0-301F-11D3-BF4B-00C04F79EFBC}") = "CIYW.GraphQL", "CIYW.GraphQL\CIYW.GraphQL.csproj", "{CA7D3EC8-CA2A-4DA9-A1F1-9E5E39B16A74}"
EndProject
Project("{FAE04EC0-301F-11D3-BF4B-00C04F79EFBC}") = "CIYW.Jobs", "CIYW.Jobs\CIYW.Jobs.csproj", "{52272D5A-2FCC-4E78-9C57-1F2C6F01A24A}"
EndProject
Project("{FAE04EC0-301F-11D3-BF4B-00C04F79EFBC}") = "CIYW.Elasticsearch", "CIYW.Elasticsearch\CIYW.Elasticsearch.csproj", "{A6ACD874-53F6-40D3-9CBD-016F1BC3818E}"
EndProject
Global
	GlobalSection(SolutionConfigurationPlatforms) = preSolution
		Debug|Any CPU = Debug|Any CPU
		Release|Any CPU = Release|Any CPU
	EndGlobalSection
	GlobalSection(ProjectConfigurationPlatforms) = postSolution
		{FFADDF11-DF51-4F31-97C8-C229982D5F3E}.Debug|Any CPU.ActiveCfg = Debug|Any CPU
		{FFADDF11-DF51-4F31-97C8-C229982D5F3E}.Debug|Any CPU.Build.0 = Debug|Any CPU
		{FFADDF11-DF51-4F31-97C8-C229982D5F3E}.Release|Any CPU.ActiveCfg = Release|Any CPU
		{FFADDF11-DF51-4F31-97C8-C229982D5F3E}.Release|Any CPU.Build.0 = Release|Any CPU
		{FDF0948B-9A0A-46D2-A286-CD3EE4C183A9}.Debug|Any CPU.ActiveCfg = Debug|Any CPU
		{FDF0948B-9A0A-46D2-A286-CD3EE4C183A9}.Debug|Any CPU.Build.0 = Debug|Any CPU
		{FDF0948B-9A0A-46D2-A286-CD3EE4C183A9}.Release|Any CPU.ActiveCfg = Release|Any CPU
		{FDF0948B-9A0A-46D2-A286-CD3EE4C183A9}.Release|Any CPU.Build.0 = Release|Any CPU
		{4CD1AFFA-96DE-495D-AAD9-A2453DD828CE}.Debug|Any CPU.ActiveCfg = Debug|Any CPU
		{4CD1AFFA-96DE-495D-AAD9-A2453DD828CE}.Debug|Any CPU.Build.0 = Debug|Any CPU
		{4CD1AFFA-96DE-495D-AAD9-A2453DD828CE}.Release|Any CPU.ActiveCfg = Release|Any CPU
		{4CD1AFFA-96DE-495D-AAD9-A2453DD828CE}.Release|Any CPU.Build.0 = Release|Any CPU
		{BA2F9E43-36CE-436E-9E28-8BB324062067}.Debug|Any CPU.ActiveCfg = Debug|Any CPU
		{BA2F9E43-36CE-436E-9E28-8BB324062067}.Debug|Any CPU.Build.0 = Debug|Any CPU
		{BA2F9E43-36CE-436E-9E28-8BB324062067}.Release|Any CPU.ActiveCfg = Release|Any CPU
		{BA2F9E43-36CE-436E-9E28-8BB324062067}.Release|Any CPU.Build.0 = Release|Any CPU
		{864DE9D8-8F45-426C-B167-80811DD1F178}.Debug|Any CPU.ActiveCfg = Debug|Any CPU
		{864DE9D8-8F45-426C-B167-80811DD1F178}.Debug|Any CPU.Build.0 = Debug|Any CPU
		{864DE9D8-8F45-426C-B167-80811DD1F178}.Release|Any CPU.ActiveCfg = Release|Any CPU
		{864DE9D8-8F45-426C-B167-80811DD1F178}.Release|Any CPU.Build.0 = Release|Any CPU
		{61DB902F-3050-4B58-BDAB-90EF2BDAAB1C}.Debug|Any CPU.ActiveCfg = Debug|Any CPU
		{61DB902F-3050-4B58-BDAB-90EF2BDAAB1C}.Debug|Any CPU.Build.0 = Debug|Any CPU
		{61DB902F-3050-4B58-BDAB-90EF2BDAAB1C}.Release|Any CPU.ActiveCfg = Release|Any CPU
		{61DB902F-3050-4B58-BDAB-90EF2BDAAB1C}.Release|Any CPU.Build.0 = Release|Any CPU
		{AEC9255D-FB22-49FB-B09D-2F5DB8F27766}.Debug|Any CPU.ActiveCfg = Debug|Any CPU
		{AEC9255D-FB22-49FB-B09D-2F5DB8F27766}.Debug|Any CPU.Build.0 = Debug|Any CPU
		{AEC9255D-FB22-49FB-B09D-2F5DB8F27766}.Release|Any CPU.ActiveCfg = Release|Any CPU
		{AEC9255D-FB22-49FB-B09D-2F5DB8F27766}.Release|Any CPU.Build.0 = Release|Any CPU
		{25ACD93E-8763-4C72-8B4D-718D7DACD8A6}.Debug|Any CPU.ActiveCfg = Debug|Any CPU
		{25ACD93E-8763-4C72-8B4D-718D7DACD8A6}.Debug|Any CPU.Build.0 = Debug|Any CPU
		{25ACD93E-8763-4C72-8B4D-718D7DACD8A6}.Release|Any CPU.ActiveCfg = Release|Any CPU
		{25ACD93E-8763-4C72-8B4D-718D7DACD8A6}.Release|Any CPU.Build.0 = Release|Any CPU
		{89050075-8510-4B0B-B229-5B0098C14F92}.Debug|Any CPU.ActiveCfg = Debug|Any CPU
		{89050075-8510-4B0B-B229-5B0098C14F92}.Debug|Any CPU.Build.0 = Debug|Any CPU
		{89050075-8510-4B0B-B229-5B0098C14F92}.Release|Any CPU.ActiveCfg = Release|Any CPU
		{89050075-8510-4B0B-B229-5B0098C14F92}.Release|Any CPU.Build.0 = Release|Any CPU
		{A2B05125-F780-4239-BD6A-ADFF0957C647}.Debug|Any CPU.ActiveCfg = Debug|Any CPU
		{A2B05125-F780-4239-BD6A-ADFF0957C647}.Debug|Any CPU.Build.0 = Debug|Any CPU
		{A2B05125-F780-4239-BD6A-ADFF0957C647}.Release|Any CPU.ActiveCfg = Release|Any CPU
		{A2B05125-F780-4239-BD6A-ADFF0957C647}.Release|Any CPU.Build.0 = Release|Any CPU
		{CAED4590-1E2F-4A50-862A-65C789EA7706}.Debug|Any CPU.ActiveCfg = Debug|Any CPU
		{CAED4590-1E2F-4A50-862A-65C789EA7706}.Debug|Any CPU.Build.0 = Debug|Any CPU
		{CAED4590-1E2F-4A50-862A-65C789EA7706}.Release|Any CPU.ActiveCfg = Release|Any CPU
		{CAED4590-1E2F-4A50-862A-65C789EA7706}.Release|Any CPU.Build.0 = Release|Any CPU
		{E0C3C2D1-CC45-4C26-BF41-F08EF4A620A4}.Debug|Any CPU.ActiveCfg = Debug|Any CPU
		{E0C3C2D1-CC45-4C26-BF41-F08EF4A620A4}.Debug|Any CPU.Build.0 = Debug|Any CPU
		{E0C3C2D1-CC45-4C26-BF41-F08EF4A620A4}.Release|Any CPU.ActiveCfg = Release|Any CPU
		{E0C3C2D1-CC45-4C26-BF41-F08EF4A620A4}.Release|Any CPU.Build.0 = Release|Any CPU
		{A9C3BA62-9114-4EE2-AEE1-65381D32F903}.Debug|Any CPU.ActiveCfg = Debug|Any CPU
		{A9C3BA62-9114-4EE2-AEE1-65381D32F903}.Debug|Any CPU.Build.0 = Debug|Any CPU
		{A9C3BA62-9114-4EE2-AEE1-65381D32F903}.Release|Any CPU.ActiveCfg = Release|Any CPU
		{A9C3BA62-9114-4EE2-AEE1-65381D32F903}.Release|Any CPU.Build.0 = Release|Any CPU
		{BA079F68-031F-4F39-A97B-6D5C412EE432}.Debug|Any CPU.ActiveCfg = Debug|Any CPU
		{BA079F68-031F-4F39-A97B-6D5C412EE432}.Debug|Any CPU.Build.0 = Debug|Any CPU
		{BA079F68-031F-4F39-A97B-6D5C412EE432}.Release|Any CPU.ActiveCfg = Release|Any CPU
		{BA079F68-031F-4F39-A97B-6D5C412EE432}.Release|Any CPU.Build.0 = Release|Any CPU
		{CA7D3EC8-CA2A-4DA9-A1F1-9E5E39B16A74}.Debug|Any CPU.ActiveCfg = Debug|Any CPU
		{CA7D3EC8-CA2A-4DA9-A1F1-9E5E39B16A74}.Debug|Any CPU.Build.0 = Debug|Any CPU
		{CA7D3EC8-CA2A-4DA9-A1F1-9E5E39B16A74}.Release|Any CPU.ActiveCfg = Release|Any CPU
		{CA7D3EC8-CA2A-4DA9-A1F1-9E5E39B16A74}.Release|Any CPU.Build.0 = Release|Any CPU
		{52272D5A-2FCC-4E78-9C57-1F2C6F01A24A}.Debug|Any CPU.ActiveCfg = Debug|Any CPU
		{52272D5A-2FCC-4E78-9C57-1F2C6F01A24A}.Debug|Any CPU.Build.0 = Debug|Any CPU
		{52272D5A-2FCC-4E78-9C57-1F2C6F01A24A}.Release|Any CPU.ActiveCfg = Release|Any CPU
		{52272D5A-2FCC-4E78-9C57-1F2C6F01A24A}.Release|Any CPU.Build.0 = Release|Any CPU
		{A6ACD874-53F6-40D3-9CBD-016F1BC3818E}.Debug|Any CPU.ActiveCfg = Debug|Any CPU
		{A6ACD874-53F6-40D3-9CBD-016F1BC3818E}.Debug|Any CPU.Build.0 = Debug|Any CPU
		{A6ACD874-53F6-40D3-9CBD-016F1BC3818E}.Release|Any CPU.ActiveCfg = Release|Any CPU
		{A6ACD874-53F6-40D3-9CBD-016F1BC3818E}.Release|Any CPU.Build.0 = Release|Any CPU
	EndGlobalSection
	GlobalSection(NestedProjects) = preSolution
		{FDF0948B-9A0A-46D2-A286-CD3EE4C183A9} = {06D86C16-803E-4AF0-A0E2-5B7B1A0B53E4}
		{4CD1AFFA-96DE-495D-AAD9-A2453DD828CE} = {EEDA256C-9626-4235-AB11-42912AFD4C96}
		{BA2F9E43-36CE-436E-9E28-8BB324062067} = {EEDA256C-9626-4235-AB11-42912AFD4C96}
		{864DE9D8-8F45-426C-B167-80811DD1F178} = {B8A9899D-DD56-44E0-814D-4A1313521207}
		{61DB902F-3050-4B58-BDAB-90EF2BDAAB1C} = {06D86C16-803E-4AF0-A0E2-5B7B1A0B53E4}
		{AEC9255D-FB22-49FB-B09D-2F5DB8F27766} = {06D86C16-803E-4AF0-A0E2-5B7B1A0B53E4}
		{25ACD93E-8763-4C72-8B4D-718D7DACD8A6} = {EEDA256C-9626-4235-AB11-42912AFD4C96}
		{89050075-8510-4B0B-B229-5B0098C14F92} = {06D86C16-803E-4AF0-A0E2-5B7B1A0B53E4}
		{A2B05125-F780-4239-BD6A-ADFF0957C647} = {B8A9899D-DD56-44E0-814D-4A1313521207}
		{CAED4590-1E2F-4A50-862A-65C789EA7706} = {4BCCC439-E620-40E6-BD79-778EDE75CB37}
		{E0C3C2D1-CC45-4C26-BF41-F08EF4A620A4} = {65876D58-60F7-456B-9385-2B1BEECA9DEA}
		{A9C3BA62-9114-4EE2-AEE1-65381D32F903} = {4BCCC439-E620-40E6-BD79-778EDE75CB37}
		{BA079F68-031F-4F39-A97B-6D5C412EE432} = {4BCCC439-E620-40E6-BD79-778EDE75CB37}
		{CA7D3EC8-CA2A-4DA9-A1F1-9E5E39B16A74} = {B8A9899D-DD56-44E0-814D-4A1313521207}
		{A6ACD874-53F6-40D3-9CBD-016F1BC3818E} = {B8A9899D-DD56-44E0-814D-4A1313521207}
	EndGlobalSection
EndGlobal
